
Microsoft Visual Studio Solution File, Format Version 12.00
# Visual Studio 15
VisualStudioVersion = 15.0.27703.2000
MinimumVisualStudioVersion = 10.0.40219.1
Project("{FAE04EC0-301F-11D3-BF4B-00C04F79EFBC}") = "TextReversing", "TextReversing\TextReversing.csproj", "{B6C92196-BB46-4E55-9F15-F84F9084E9F4}"
EndProject
Global
	GlobalSection(SolutionConfigurationPlatforms) = preSolution
		Debug|Any CPU = Debug|Any CPU
		Release|Any CPU = Release|Any CPU
	EndGlobalSection
	GlobalSection(ProjectConfigurationPlatforms) = postSolution
		{B6C92196-BB46-4E55-9F15-F84F9084E9F4}.Debug|Any CPU.ActiveCfg = Debug|Any CPU
		{B6C92196-BB46-4E55-9F15-F84F9084E9F4}.Debug|Any CPU.Build.0 = Debug|Any CPU
		{B6C92196-BB46-4E55-9F15-F84F9084E9F4}.Release|Any CPU.ActiveCfg = Release|Any CPU
		{B6C92196-BB46-4E55-9F15-F84F9084E9F4}.Release|Any CPU.Build.0 = Release|Any CPU
	EndGlobalSection
	GlobalSection(SolutionProperties) = preSolution
		HideSolutionNode = FALSE
	EndGlobalSection
	GlobalSection(ExtensibilityGlobals) = postSolution
		SolutionGuid = {F0D7BCFB-0FC8-4F62-9DF2-D01452949CCF}
	EndGlobalSection
EndGlobal
